
Microsoft Visual Studio Solution File, Format Version 12.00
# Visual Studio 14
VisualStudioVersion = 14.0.25420.1
MinimumVisualStudioVersion = 10.0.40219.1
Project("{FAE04EC0-301F-11D3-BF4B-00C04F79EFBC}") = "eTicaret.DAL", "eTicaret.DAL\eTicaret.DAL.csproj", "{ACF7DB6E-1FBB-4888-847F-D81449500837}"
EndProject
Project("{FAE04EC0-301F-11D3-BF4B-00C04F79EFBC}") = "eTicaret.BLL", "eTicaret.BLL\eTicaret.BLL.csproj", "{8DA3C6DD-D06E-43D5-864C-688902E3EE48}"
EndProject
Project("{FAE04EC0-301F-11D3-BF4B-00C04F79EFBC}") = "eTicaret.Web.Presentation", "eTicaret.Web.Presentation\eTicaret.Web.Presentation.csproj", "{B7AF348A-1BA9-40A3-8C92-1ECEB3A463AD}"
EndProject
Global
	GlobalSection(SolutionConfigurationPlatforms) = preSolution
		Debug|Any CPU = Debug|Any CPU
		Release|Any CPU = Release|Any CPU
	EndGlobalSection
	GlobalSection(ProjectConfigurationPlatforms) = postSolution
		{ACF7DB6E-1FBB-4888-847F-D81449500837}.Debug|Any CPU.ActiveCfg = Debug|Any CPU
		{ACF7DB6E-1FBB-4888-847F-D81449500837}.Debug|Any CPU.Build.0 = Debug|Any CPU
		{ACF7DB6E-1FBB-4888-847F-D81449500837}.Release|Any CPU.ActiveCfg = Release|Any CPU
		{ACF7DB6E-1FBB-4888-847F-D81449500837}.Release|Any CPU.Build.0 = Release|Any CPU
		{8DA3C6DD-D06E-43D5-864C-688902E3EE48}.Debug|Any CPU.ActiveCfg = Debug|Any CPU
		{8DA3C6DD-D06E-43D5-864C-688902E3EE48}.Debug|Any CPU.Build.0 = Debug|Any CPU
		{8DA3C6DD-D06E-43D5-864C-688902E3EE48}.Release|Any CPU.ActiveCfg = Release|Any CPU
		{8DA3C6DD-D06E-43D5-864C-688902E3EE48}.Release|Any CPU.Build.0 = Release|Any CPU
		{B7AF348A-1BA9-40A3-8C92-1ECEB3A463AD}.Debug|Any CPU.ActiveCfg = Debug|Any CPU
		{B7AF348A-1BA9-40A3-8C92-1ECEB3A463AD}.Debug|Any CPU.Build.0 = Debug|Any CPU
		{B7AF348A-1BA9-40A3-8C92-1ECEB3A463AD}.Release|Any CPU.ActiveCfg = Release|Any CPU
		{B7AF348A-1BA9-40A3-8C92-1ECEB3A463AD}.Release|Any CPU.Build.0 = Release|Any CPU
	EndGlobalSection
	GlobalSection(SolutionProperties) = preSolution
		HideSolutionNode = FALSE
	EndGlobalSection
EndGlobal
