
Microsoft Visual Studio Solution File, Format Version 12.00
# Visual Studio 14
VisualStudioVersion = 14.0.25420.1
MinimumVisualStudioVersion = 10.0.40219.1
Project("{FAE04EC0-301F-11D3-BF4B-00C04F79EFBC}") = "eTicaret.DAL", "eTicaret.DAL\eTicaret.DAL.csproj", "{04A3CB2E-7A4C-4901-9576-60DEA6FD94C1}"
EndProject
Project("{FAE04EC0-301F-11D3-BF4B-00C04F79EFBC}") = "eTicaret.BLL", "eTicaret.BLL\eTicaret.BLL.csproj", "{8EDEE431-BED6-4007-8EE5-18B28D5F84D0}"
EndProject
Project("{FAE04EC0-301F-11D3-BF4B-00C04F79EFBC}") = "eTicaret.Web.Presentation", "eTicaret.Web.Presentation\eTicaret.Web.Presentation.csproj", "{64FD9571-AD45-4041-8D78-7A1F15E93B2E}"
EndProject
Global
	GlobalSection(SolutionConfigurationPlatforms) = preSolution
		Debug|Any CPU = Debug|Any CPU
		Release|Any CPU = Release|Any CPU
	EndGlobalSection
	GlobalSection(ProjectConfigurationPlatforms) = postSolution
		{04A3CB2E-7A4C-4901-9576-60DEA6FD94C1}.Debug|Any CPU.ActiveCfg = Debug|Any CPU
		{04A3CB2E-7A4C-4901-9576-60DEA6FD94C1}.Debug|Any CPU.Build.0 = Debug|Any CPU
		{04A3CB2E-7A4C-4901-9576-60DEA6FD94C1}.Release|Any CPU.ActiveCfg = Release|Any CPU
		{04A3CB2E-7A4C-4901-9576-60DEA6FD94C1}.Release|Any CPU.Build.0 = Release|Any CPU
		{8EDEE431-BED6-4007-8EE5-18B28D5F84D0}.Debug|Any CPU.ActiveCfg = Debug|Any CPU
		{8EDEE431-BED6-4007-8EE5-18B28D5F84D0}.Debug|Any CPU.Build.0 = Debug|Any CPU
		{8EDEE431-BED6-4007-8EE5-18B28D5F84D0}.Release|Any CPU.ActiveCfg = Release|Any CPU
		{8EDEE431-BED6-4007-8EE5-18B28D5F84D0}.Release|Any CPU.Build.0 = Release|Any CPU
		{64FD9571-AD45-4041-8D78-7A1F15E93B2E}.Debug|Any CPU.ActiveCfg = Debug|Any CPU
		{64FD9571-AD45-4041-8D78-7A1F15E93B2E}.Debug|Any CPU.Build.0 = Debug|Any CPU
		{64FD9571-AD45-4041-8D78-7A1F15E93B2E}.Release|Any CPU.ActiveCfg = Release|Any CPU
		{64FD9571-AD45-4041-8D78-7A1F15E93B2E}.Release|Any CPU.Build.0 = Release|Any CPU
	EndGlobalSection
	GlobalSection(SolutionProperties) = preSolution
		HideSolutionNode = FALSE
	EndGlobalSection
EndGlobal
