
Microsoft Visual Studio Solution File, Format Version 12.00
# Visual Studio 14
VisualStudioVersion = 14.0.25420.1
MinimumVisualStudioVersion = 10.0.40219.1
Project("{FAE04EC0-301F-11D3-BF4B-00C04F79EFBC}") = "MVC.HSS13.Blog", "MVC.HSS13.Blog\MVC.HSS13.Blog.csproj", "{9F455D2F-1029-4A47-9590-4F0E6A6A2277}"
EndProject
Project("{FAE04EC0-301F-11D3-BF4B-00C04F79EFBC}") = "Blog.DAL", "Blog.DAL\Blog.DAL.csproj", "{F2D03C13-E05A-428F-9B06-5EB22618CCCB}"
EndProject
Global
	GlobalSection(SolutionConfigurationPlatforms) = preSolution
		Debug|Any CPU = Debug|Any CPU
		Release|Any CPU = Release|Any CPU
	EndGlobalSection
	GlobalSection(ProjectConfigurationPlatforms) = postSolution
		{9F455D2F-1029-4A47-9590-4F0E6A6A2277}.Debug|Any CPU.ActiveCfg = Debug|Any CPU
		{9F455D2F-1029-4A47-9590-4F0E6A6A2277}.Debug|Any CPU.Build.0 = Debug|Any CPU
		{9F455D2F-1029-4A47-9590-4F0E6A6A2277}.Release|Any CPU.ActiveCfg = Release|Any CPU
		{9F455D2F-1029-4A47-9590-4F0E6A6A2277}.Release|Any CPU.Build.0 = Release|Any CPU
		{F2D03C13-E05A-428F-9B06-5EB22618CCCB}.Debug|Any CPU.ActiveCfg = Debug|Any CPU
		{F2D03C13-E05A-428F-9B06-5EB22618CCCB}.Debug|Any CPU.Build.0 = Debug|Any CPU
		{F2D03C13-E05A-428F-9B06-5EB22618CCCB}.Release|Any CPU.ActiveCfg = Release|Any CPU
		{F2D03C13-E05A-428F-9B06-5EB22618CCCB}.Release|Any CPU.Build.0 = Release|Any CPU
	EndGlobalSection
	GlobalSection(SolutionProperties) = preSolution
		HideSolutionNode = FALSE
	EndGlobalSection
EndGlobal
